
Microsoft Visual Studio Solution File, Format Version 12.00
# Visual Studio Version 16
VisualStudioVersion = 25.0.1705.6
MinimumVisualStudioVersion = 10.0.40219.1
Project("{FAE04EC0-301F-11D3-BF4B-00C04F79EFBC}") = "Methods", "Methods\Methods.csproj", "{7D0290F2-81FC-4699-8160-B30B94DCA99D}"
EndProject
Global
	GlobalSection(SolutionConfigurationPlatforms) = preSolution
		Debug|Any CPU = Debug|Any CPU
		Release|Any CPU = Release|Any CPU
	EndGlobalSection
	GlobalSection(ProjectConfigurationPlatforms) = postSolution
		{7D0290F2-81FC-4699-8160-B30B94DCA99D}.Debug|Any CPU.ActiveCfg = Debug|Any CPU
		{7D0290F2-81FC-4699-8160-B30B94DCA99D}.Debug|Any CPU.Build.0 = Debug|Any CPU
		{7D0290F2-81FC-4699-8160-B30B94DCA99D}.Release|Any CPU.ActiveCfg = Release|Any CPU
		{7D0290F2-81FC-4699-8160-B30B94DCA99D}.Release|Any CPU.Build.0 = Release|Any CPU
	EndGlobalSection
	GlobalSection(SolutionProperties) = preSolution
		HideSolutionNode = FALSE
	EndGlobalSection
	GlobalSection(ExtensibilityGlobals) = postSolution
		SolutionGuid = {8B72A046-D882-47C2-B8E6-9C1443AF7981}
	EndGlobalSection
EndGlobal
