
Microsoft Visual Studio Solution File, Format Version 12.00
# Visual Studio Version 16
VisualStudioVersion = 25.0.1705.6
MinimumVisualStudioVersion = 10.0.40219.1
Project("{FAE04EC0-301F-11D3-BF4B-00C04F79EFBC}") = "Breakpoint", "Breakpoint\Breakpoint.csproj", "{FB001884-4A5A-4231-832A-1BF52944DE76}"
EndProject
Global
	GlobalSection(SolutionConfigurationPlatforms) = preSolution
		Debug|Any CPU = Debug|Any CPU
		Release|Any CPU = Release|Any CPU
	EndGlobalSection
	GlobalSection(ProjectConfigurationPlatforms) = postSolution
		{FB001884-4A5A-4231-832A-1BF52944DE76}.Debug|Any CPU.ActiveCfg = Debug|Any CPU
		{FB001884-4A5A-4231-832A-1BF52944DE76}.Debug|Any CPU.Build.0 = Debug|Any CPU
		{FB001884-4A5A-4231-832A-1BF52944DE76}.Release|Any CPU.ActiveCfg = Release|Any CPU
		{FB001884-4A5A-4231-832A-1BF52944DE76}.Release|Any CPU.Build.0 = Release|Any CPU
	EndGlobalSection
	GlobalSection(SolutionProperties) = preSolution
		HideSolutionNode = FALSE
	EndGlobalSection
	GlobalSection(ExtensibilityGlobals) = postSolution
		SolutionGuid = {FD028942-BD19-4A0B-A896-66844AEDC8B7}
	EndGlobalSection
EndGlobal
